
Microsoft Visual Studio Solution File, Format Version 12.00
# Visual Studio Version 16
VisualStudioVersion = 16.0.29424.173
MinimumVisualStudioVersion = 10.0.40219.1
Project("{888888A0-9F3D-457C-B088-3A5042F75D52}") = "final project", "final project\final project.pyproj", "{31DD2F64-1D35-4814-BBEC-5860C87C5576}"
EndProject
Global
	GlobalSection(SolutionConfigurationPlatforms) = preSolution
		Debug|Any CPU = Debug|Any CPU
		Release|Any CPU = Release|Any CPU
	EndGlobalSection
	GlobalSection(ProjectConfigurationPlatforms) = postSolution
		{31DD2F64-1D35-4814-BBEC-5860C87C5576}.Debug|Any CPU.ActiveCfg = Debug|Any CPU
		{31DD2F64-1D35-4814-BBEC-5860C87C5576}.Debug|Any CPU.Build.0 = Debug|Any CPU
		{31DD2F64-1D35-4814-BBEC-5860C87C5576}.Release|Any CPU.ActiveCfg = Release|Any CPU
		{31DD2F64-1D35-4814-BBEC-5860C87C5576}.Release|Any CPU.Build.0 = Release|Any CPU
	EndGlobalSection
	GlobalSection(SolutionProperties) = preSolution
		HideSolutionNode = FALSE
	EndGlobalSection
	GlobalSection(ExtensibilityGlobals) = postSolution
		SolutionGuid = {2882D305-8D24-4F05-94A1-5581B153B99D}
	EndGlobalSection
EndGlobal
